
Microsoft Visual Studio Solution File, Format Version 12.00
# Visual Studio Version 16
VisualStudioVersion = 25.0.1704.3
MinimumVisualStudioVersion = 10.0.40219.1
Project("{FAE04EC0-301F-11D3-BF4B-00C04F79EFBC}") = "LabWork", "LabWork\LabWork.csproj", "{C8BC12CC-C9BA-4A97-872B-5978D6C239D5}"
EndProject
Global
	GlobalSection(SolutionConfigurationPlatforms) = preSolution
		Debug|Any CPU = Debug|Any CPU
		Release|Any CPU = Release|Any CPU
	EndGlobalSection
	GlobalSection(ProjectConfigurationPlatforms) = postSolution
		{C8BC12CC-C9BA-4A97-872B-5978D6C239D5}.Debug|Any CPU.ActiveCfg = Debug|Any CPU
		{C8BC12CC-C9BA-4A97-872B-5978D6C239D5}.Debug|Any CPU.Build.0 = Debug|Any CPU
		{C8BC12CC-C9BA-4A97-872B-5978D6C239D5}.Release|Any CPU.ActiveCfg = Release|Any CPU
		{C8BC12CC-C9BA-4A97-872B-5978D6C239D5}.Release|Any CPU.Build.0 = Release|Any CPU
	EndGlobalSection
	GlobalSection(SolutionProperties) = preSolution
		HideSolutionNode = FALSE
	EndGlobalSection
	GlobalSection(ExtensibilityGlobals) = postSolution
		SolutionGuid = {F816DF86-2700-4C0E-98D6-5E9054E5D3B8}
	EndGlobalSection
EndGlobal
