
Microsoft Visual Studio Solution File, Format Version 12.00
# Visual Studio Version 16
VisualStudioVersion = 25.0.1704.3
MinimumVisualStudioVersion = 10.0.40219.1
Project("{FAE04EC0-301F-11D3-BF4B-00C04F79EFBC}") = "Work", "Work\Work.csproj", "{38B9FFE8-3F3F-4F13-837C-09A52EE83645}"
EndProject
Global
	GlobalSection(SolutionConfigurationPlatforms) = preSolution
		Debug|Any CPU = Debug|Any CPU
		Release|Any CPU = Release|Any CPU
	EndGlobalSection
	GlobalSection(ProjectConfigurationPlatforms) = postSolution
		{38B9FFE8-3F3F-4F13-837C-09A52EE83645}.Debug|Any CPU.ActiveCfg = Debug|Any CPU
		{38B9FFE8-3F3F-4F13-837C-09A52EE83645}.Debug|Any CPU.Build.0 = Debug|Any CPU
		{38B9FFE8-3F3F-4F13-837C-09A52EE83645}.Release|Any CPU.ActiveCfg = Release|Any CPU
		{38B9FFE8-3F3F-4F13-837C-09A52EE83645}.Release|Any CPU.Build.0 = Release|Any CPU
	EndGlobalSection
	GlobalSection(SolutionProperties) = preSolution
		HideSolutionNode = FALSE
	EndGlobalSection
	GlobalSection(ExtensibilityGlobals) = postSolution
		SolutionGuid = {F9B383CA-659C-4915-9D08-340244D4666D}
	EndGlobalSection
EndGlobal
